{
  "nodes": {
    "nixpkgs": {
      "locked": {
        "lastModified": 1731215597,
        "narHash": "sha256-9jLhAo5x2AixqITmqt0mR72OXdT3sCt8gIbiMrfHY/E=",
        "owner": "NixOS",
        "repo": "nixpkgs",
        "rev": "343b0a2225308ff6b8f2a1638f8664bc4bc7037b",
        "type": "github"
      },
      "original": {
        "owner": "NixOS",
        "repo": "nixpkgs",
        "type": "github"
      }
    },
    "root": {
      "inputs": {
        "nixpkgs": "nixpkgs"
      }
    }
  },
  "root": "root",
  "version": 7
}
